# Generated by pub
# See https://dart.dev/tools/pub/glossary#lockfile
packages:
  _flutterfire_internals:
    dependency: transitive
    description:
      name: _flutterfire_internals
      sha256: ff0a84a2734d9e1089f8aedd5c0af0061b82fb94e95260d943404e0ef2134b11
      url: "https://pub.dev"
    source: hosted
    version: "1.3.59"
  animations:
    dependency: "direct main"
    description:
      name: animations
      sha256: "18938cefd7dcc04e1ecac0db78973761a01e4bc2d6bfae0cfa596bfeac9e96ab"
      url: "https://pub.dev"
    source: hosted
    version: "2.1.1"
  another_flushbar:
    dependency: "direct main"
    description:
      name: another_flushbar
      sha256: "2b99671c010a7d5770acf5cb24c9f508b919c3a7948b6af9646e773e7da7b757"
      url: "https://pub.dev"
    source: hosted
    version: "1.12.32"
  async:
    dependency: transitive
    description:
      name: async
      sha256: "758e6d74e971c3e5aceb4110bfd6698efc7f501675bcfe0c775459a8140750eb"
      url: "https://pub.dev"
    source: hosted
    version: "2.13.0"
  boolean_selector:
    dependency: transitive
    description:
      name: boolean_selector
      sha256: "8aab1771e1243a5063b8b0ff68042d67334e3feab9e95b9490f9a6ebf73b42ea"
      url: "https://pub.dev"
    source: hosted
    version: "2.1.2"
  cached_network_image:
    dependency: "direct main"
    description:
      name: cached_network_image
      sha256: "7c1183e361e5c8b0a0f21a28401eecdbde252441106a9816400dd4c2b2424916"
      url: "https://pub.dev"
    source: hosted
    version: "3.4.1"
  cached_network_image_platform_interface:
    dependency: transitive
    description:
      name: cached_network_image_platform_interface
      sha256: "35814b016e37fbdc91f7ae18c8caf49ba5c88501813f73ce8a07027a395e2829"
      url: "https://pub.dev"
    source: hosted
    version: "4.1.1"
  cached_network_image_web:
    dependency: transitive
    description:
      name: cached_network_image_web
      sha256: "980842f4e8e2535b8dbd3d5ca0b1f0ba66bf61d14cc3a17a9b4788a3685ba062"
      url: "https://pub.dev"
    source: hosted
    version: "1.3.1"
  carousel_slider:
    dependency: "direct main"
    description:
      name: carousel_slider
      sha256: febf4b0163e0242adc13d7a863b04965351f59e7dfea56675c7c2caa7bcd7476
      url: "https://pub.dev"
    source: hosted
    version: "5.1.2"
  characters:
    dependency: transitive
    description:
      name: characters
      sha256: faf38497bda5ead2a8c7615f4f7939df04333478bf32e4173fcb06d428b5716b
      url: "https://pub.dev"
    source: hosted
    version: "1.4.1"
  clock:
    dependency: transitive
    description:
      name: clock
      sha256: fddb70d9b5277016c77a80201021d40a2247104d9f4aa7bab7157b7e3f05b84b
      url: "https://pub.dev"
    source: hosted
    version: "1.1.2"
  code_assets:
    dependency: transitive
    description:
      name: code_assets
      sha256: "83ccdaa064c980b5596c35dd64a8d3ecc68620174ab9b90b6343b753aa721687"
      url: "https://pub.dev"
    source: hosted
    version: "1.0.0"
  collection:
    dependency: transitive
    description:
      name: collection
      sha256: "2f5709ae4d3d59dd8f7cd309b4e023046b57d8a6c82130785d2b0e5868084e76"
      url: "https://pub.dev"
    source: hosted
    version: "1.19.1"
  cross_file:
    dependency: transitive
    description:
      name: cross_file
      sha256: "28bb3ae56f117b5aec029d702a90f57d285cd975c3c5c281eaca38dbc47c5937"
      url: "https://pub.dev"
    source: hosted
    version: "0.3.5+2"
  crypto:
    dependency: transitive
    description:
      name: crypto
      sha256: c8ea0233063ba03258fbcf2ca4d6dadfefe14f02fab57702265467a19f27fadf
      url: "https://pub.dev"
    source: hosted
    version: "3.0.7"
  csslib:
    dependency: transitive
    description:
      name: csslib
      sha256: "09bad715f418841f976c77db72d5398dc1253c21fb9c0c7f0b0b985860b2d58e"
      url: "https://pub.dev"
    source: hosted
    version: "1.0.2"
  cupertino_icons:
    dependency: "direct main"
    description:
      name: cupertino_icons
      sha256: "41e005c33bd814be4d3096aff55b1908d419fde52ca656c8c47719ec745873cd"
      url: "https://pub.dev"
    source: hosted
    version: "1.0.9"
  dio:
    dependency: "direct main"
    description:
      name: dio
      sha256: aff32c08f92787a557dd5c0145ac91536481831a01b4648136373cddb0e64f8c
      url: "https://pub.dev"
    source: hosted
    version: "5.9.2"
  dio_web_adapter:
    dependency: transitive
    description:
      name: dio_web_adapter
      sha256: "2f9e64323a7c3c7ef69567d5c800424a11f8337b8b228bad02524c9fb3c1f340"
      url: "https://pub.dev"
    source: hosted
    version: "2.1.2"
  expansion_tile_card:
    dependency: "direct main"
    description:
      name: expansion_tile_card
      sha256: "27ce4cb518f00e21d0f2309aaa6462b26b148e93cee2029a73088cecf42b1eb0"
      url: "https://pub.dev"
    source: hosted
    version: "3.0.0"
  fake_async:
    dependency: transitive
    description:
      name: fake_async
      sha256: "5368f224a74523e8d2e7399ea1638b37aecfca824a3cc4dfdf77bf1fa905ac44"
      url: "https://pub.dev"
    source: hosted
    version: "1.3.3"
  ffi:
    dependency: transitive
    description:
      name: ffi
      sha256: "6d7fd89431262d8f3125e81b50d3847a091d846eafcd4fdb88dd06f36d705a45"
      url: "https://pub.dev"
    source: hosted
    version: "2.2.0"
  file:
    dependency: transitive
    description:
      name: file
      sha256: a3b4f84adafef897088c160faf7dfffb7696046cb13ae90b508c2cbc95d3b8d4
      url: "https://pub.dev"
    source: hosted
    version: "7.0.1"
  firebase_analytics:
    dependency: "direct main"
    description:
      name: firebase_analytics
      sha256: "4f85b161772e1d54a66893ef131c0a44bd9e552efa78b33d5f4f60d2caa5c8a3"
      url: "https://pub.dev"
    source: hosted
    version: "11.6.0"
  firebase_analytics_platform_interface:
    dependency: transitive
    description:
      name: firebase_analytics_platform_interface
      sha256: a44b6d1155ed5cae7641e3de7163111cfd9f6f6c954ca916dc6a3bdfa86bf845
      url: "https://pub.dev"
    source: hosted
    version: "4.4.3"
  firebase_analytics_web:
    dependency: transitive
    description:
      name: firebase_analytics_web
      sha256: c7d1ed1f86ae64215757518af5576ff88341c8ce5741988c05cc3b2e07b0b273
      url: "https://pub.dev"
    source: hosted
    version: "0.5.10+16"
  firebase_core:
    dependency: transitive
    description:
      name: firebase_core
      sha256: "7be63a3f841fc9663342f7f3a011a42aef6a61066943c90b1c434d79d5c995c5"
      url: "https://pub.dev"
    source: hosted
    version: "3.15.2"
  firebase_core_platform_interface:
    dependency: transitive
    description:
      name: firebase_core_platform_interface
      sha256: "0ecda14c1bfc9ed8cac303dd0f8d04a320811b479362a9a4efb14fd331a473ce"
      url: "https://pub.dev"
    source: hosted
    version: "6.0.3"
  firebase_core_web:
    dependency: transitive
    description:
      name: firebase_core_web
      sha256: "0ed0dc292e8f9ac50992e2394e9d336a0275b6ae400d64163fdf0a8a8b556c37"
      url: "https://pub.dev"
    source: hosted
    version: "2.24.1"
  fixnum:
    dependency: transitive
    description:
      name: fixnum
      sha256: b6dc7065e46c974bc7c5f143080a6764ec7a4be6da1285ececdc37be96de53be
      url: "https://pub.dev"
    source: hosted
    version: "1.1.1"
  flutter:
    dependency: "direct main"
    description: flutter
    source: sdk
    version: "0.0.0"
  flutter_animate:
    dependency: "direct main"
    description:
      name: flutter_animate
      sha256: "7befe2d3252728afb77aecaaea1dec88a89d35b9b1d2eea6d04479e8af9117b5"
      url: "https://pub.dev"
    source: hosted
    version: "4.5.2"
  flutter_cache_manager:
    dependency: transitive
    description:
      name: flutter_cache_manager
      sha256: "400b6592f16a4409a7f2bb929a9a7e38c72cceb8ffb99ee57bbf2cb2cecf8386"
      url: "https://pub.dev"
    source: hosted
    version: "3.4.1"
  flutter_keyboard_visibility:
    dependency: "direct main"
    description:
      name: flutter_keyboard_visibility
      sha256: "4983655c26ab5b959252ee204c2fffa4afeb4413cd030455194ec0caa3b8e7cb"
      url: "https://pub.dev"
    source: hosted
    version: "5.4.1"
  flutter_keyboard_visibility_linux:
    dependency: transitive
    description:
      name: flutter_keyboard_visibility_linux
      sha256: "6fba7cd9bb033b6ddd8c2beb4c99ad02d728f1e6e6d9b9446667398b2ac39f08"
      url: "https://pub.dev"
    source: hosted
    version: "1.0.0"
  flutter_keyboard_visibility_macos:
    dependency: transitive
    description:
      name: flutter_keyboard_visibility_macos
      sha256: c5c49b16fff453dfdafdc16f26bdd8fb8d55812a1d50b0ce25fc8d9f2e53d086
      url: "https://pub.dev"
    source: hosted
    version: "1.0.0"
  flutter_keyboard_visibility_platform_interface:
    dependency: transitive
    description:
      name: flutter_keyboard_visibility_platform_interface
      sha256: e43a89845873f7be10cb3884345ceb9aebf00a659f479d1c8f4293fcb37022a4
      url: "https://pub.dev"
    source: hosted
    version: "2.0.0"
  flutter_keyboard_visibility_web:
    dependency: transitive
    description:
      name: flutter_keyboard_visibility_web
      sha256: d3771a2e752880c79203f8d80658401d0c998e4183edca05a149f5098ce6e3d1
      url: "https://pub.dev"
    source: hosted
    version: "2.0.0"
  flutter_keyboard_visibility_windows:
    dependency: transitive
    description:
      name: flutter_keyboard_visibility_windows
      sha256: fc4b0f0b6be9b93ae527f3d527fb56ee2d918cd88bbca438c478af7bcfd0ef73
      url: "https://pub.dev"
    source: hosted
    version: "1.0.0"
  flutter_neumorphic:
    dependency: "direct main"
    description:
      path: "."
      ref: HEAD
      resolved-ref: "12ffde5fecdc4724b4c64c4db92fd4dfd303f9a9"
      url: "https://github.com/tsvillain/Flutter-Neumorphic.git"
    source: git
    version: "3.1.0"
  flutter_shaders:
    dependency: transitive
    description:
      name: flutter_shaders
      sha256: "34794acadd8275d971e02df03afee3dee0f98dbfb8c4837082ad0034f612a3e2"
      url: "https://pub.dev"
    source: hosted
    version: "0.1.3"
  flutter_spinkit:
    dependency: "direct main"
    description:
      name: flutter_spinkit
      sha256: "77850df57c00dc218bfe96071d576a8babec24cf58b2ed121c83cca4a2fdce7f"
      url: "https://pub.dev"
    source: hosted
    version: "5.2.2"
  flutter_staggered_animations:
    dependency: "direct main"
    description:
      name: flutter_staggered_animations
      sha256: "81d3c816c9bb0dca9e8a5d5454610e21ffb068aedb2bde49d2f8d04f75538351"
      url: "https://pub.dev"
    source: hosted
    version: "1.1.1"
  flutter_staggered_grid_view:
    dependency: transitive
    description:
      name: flutter_staggered_grid_view
      sha256: "19e7abb550c96fbfeb546b23f3ff356ee7c59a019a651f8f102a4ba9b7349395"
      url: "https://pub.dev"
    source: hosted
    version: "0.7.0"
  flutter_test:
    dependency: "direct dev"
    description: flutter
    source: sdk
    version: "0.0.0"
  flutter_web_plugins:
    dependency: transitive
    description: flutter
    source: sdk
    version: "0.0.0"
  flutter_widget_from_html_core:
    dependency: "direct main"
    description:
      name: flutter_widget_from_html_core
      sha256: "1120ee6ed3509ceff2d55aa6c6cbc7b6b1291434422de2411b5a59364dd6ff03"
      url: "https://pub.dev"
    source: hosted
    version: "0.17.0"
  focused_menu:
    dependency: "direct main"
    description:
      name: focused_menu
      sha256: bd06bf580a8573e100571a1d9bc27c2200a38681de30eeda96246df1eac06749
      url: "https://pub.dev"
    source: hosted
    version: "1.0.5"
  font_awesome_flutter:
    dependency: "direct main"
    description:
      name: font_awesome_flutter
      sha256: b9011df3a1fa02993630b8fb83526368cf2206a711259830325bab2f1d2a4eb0
      url: "https://pub.dev"
    source: hosted
    version: "10.12.0"
  glob:
    dependency: transitive
    description:
      name: glob
      sha256: c3f1ee72c96f8f78935e18aa8cecced9ab132419e8625dc187e1c2408efc20de
      url: "https://pub.dev"
    source: hosted
    version: "2.1.3"
  google_fonts:
    dependency: "direct main"
    description:
      name: google_fonts
      sha256: ba03d03bcaa2f6cb7bd920e3b5027181db75ab524f8891c8bc3aa603885b8055
      url: "https://pub.dev"
    source: hosted
    version: "6.3.3"
  hidden_drawer_menu:
    dependency: "direct main"
    description:
      name: hidden_drawer_menu
      sha256: "74ca9c4ffc45c05dec3fd4e12cd6bd0851029d909ee5531bf31244b7160f96b9"
      url: "https://pub.dev"
    source: hosted
    version: "3.0.1"
  hooks:
    dependency: transitive
    description:
      name: hooks
      sha256: e79ed1e8e1929bc6ecb6ec85f0cb519c887aa5b423705ded0d0f2d9226def388
      url: "https://pub.dev"
    source: hosted
    version: "1.0.2"
  html:
    dependency: transitive
    description:
      name: html
      sha256: "6d1264f2dffa1b1101c25a91dff0dc2daee4c18e87cd8538729773c073dbf602"
      url: "https://pub.dev"
    source: hosted
    version: "0.15.6"
  http:
    dependency: transitive
    description:
      name: http
      sha256: "87721a4a50b19c7f1d49001e51409bddc46303966ce89a65af4f4e6004896412"
      url: "https://pub.dev"
    source: hosted
    version: "1.6.0"
  http_parser:
    dependency: transitive
    description:
      name: http_parser
      sha256: "178d74305e7866013777bab2c3d8726205dc5a4dd935297175b19a23a2e66571"
      url: "https://pub.dev"
    source: hosted
    version: "4.1.2"
  in_app_review:
    dependency: "direct main"
    description:
      name: in_app_review
      sha256: ab26ac54dbd802896af78c670b265eaeab7ecddd6af4d0751e9604b60574817f
      url: "https://pub.dev"
    source: hosted
    version: "2.0.11"
  in_app_review_platform_interface:
    dependency: transitive
    description:
      name: in_app_review_platform_interface
      sha256: fed2c755f2125caa9ae10495a3c163aa7fab5af3585a9c62ef4a6920c5b45f10
      url: "https://pub.dev"
    source: hosted
    version: "2.0.5"
  infinite_scroll_pagination:
    dependency: "direct main"
    description:
      name: infinite_scroll_pagination
      sha256: "4047eb8191e8b33573690922a9e995af64c3949dc87efc844f936b039ea279df"
      url: "https://pub.dev"
    source: hosted
    version: "4.1.0"
  leak_tracker:
    dependency: transitive
    description:
      name: leak_tracker
      sha256: "33e2e26bdd85a0112ec15400c8cbffea70d0f9c3407491f672a2fad47915e2de"
      url: "https://pub.dev"
    source: hosted
    version: "11.0.2"
  leak_tracker_flutter_testing:
    dependency: transitive
    description:
      name: leak_tracker_flutter_testing
      sha256: "1dbc140bb5a23c75ea9c4811222756104fbcd1a27173f0c34ca01e16bea473c1"
      url: "https://pub.dev"
    source: hosted
    version: "3.0.10"
  leak_tracker_testing:
    dependency: transitive
    description:
      name: leak_tracker_testing
      sha256: "8d5a2d49f4a66b49744b23b018848400d23e54caf9463f4eb20df3eb8acb2eb1"
      url: "https://pub.dev"
    source: hosted
    version: "3.0.2"
  line_awesome_flutter:
    dependency: "direct main"
    description:
      name: line_awesome_flutter
      sha256: "7e1beb342895d7da40d40047d193f8ecfd494355b399dc3d92912c31ccc4d808"
      url: "https://pub.dev"
    source: hosted
    version: "2.0.0"
  logging:
    dependency: transitive
    description:
      name: logging
      sha256: c8245ada5f1717ed44271ed1c26b8ce85ca3228fd2ffdb75468ab01979309d61
      url: "https://pub.dev"
    source: hosted
    version: "1.3.0"
  matcher:
    dependency: transitive
    description:
      name: matcher
      sha256: dc0b7dc7651697ea4ff3e69ef44b0407ea32c487a39fff6a4004fa585e901861
      url: "https://pub.dev"
    source: hosted
    version: "0.12.19"
  material_color_utilities:
    dependency: transitive
    description:
      name: material_color_utilities
      sha256: "9c337007e82b1889149c82ed242ed1cb24a66044e30979c44912381e9be4c48b"
      url: "https://pub.dev"
    source: hosted
    version: "0.13.0"
  material_design_icons_flutter:
    dependency: "direct main"
    description:
      name: material_design_icons_flutter
      sha256: "4c81ebf55b9661d1eb94652884a7b098af63153ea75b9070caedaddfae308e02"
      url: "https://pub.dev"
    source: hosted
    version: "6.0.7296"
  meta:
    dependency: transitive
    description:
      name: meta
      sha256: "23f08335362185a5ea2ad3a4e597f1375e78bce8a040df5c600c8d3552ef2394"
      url: "https://pub.dev"
    source: hosted
    version: "1.17.0"
  mime:
    dependency: transitive
    description:
      name: mime
      sha256: "41a20518f0cb1256669420fdba0cd90d21561e560ac240f26ef8322e45bb7ed6"
      url: "https://pub.dev"
    source: hosted
    version: "2.0.0"
  modal_progress_hud_nsn:
    dependency: "direct main"
    description:
      name: modal_progress_hud_nsn
      sha256: "7d1b2eb50da63c994f8ec2da5738183dbc8235a528e840ecbf67439adb7a6cc2"
      url: "https://pub.dev"
    source: hosted
    version: "0.5.1"
  native_toolchain_c:
    dependency: transitive
    description:
      name: native_toolchain_c
      sha256: "6ba77bb18063eebe9de401f5e6437e95e1438af0a87a3a39084fbd37c90df572"
      url: "https://pub.dev"
    source: hosted
    version: "0.17.6"
  nested:
    dependency: transitive
    description:
      name: nested
      sha256: "03bac4c528c64c95c722ec99280375a6f2fc708eec17c7b3f07253b626cd2a20"
      url: "https://pub.dev"
    source: hosted
    version: "1.0.0"
  objective_c:
    dependency: transitive
    description:
      name: objective_c
      sha256: "100a1c87616ab6ed41ec263b083c0ef3261ee6cd1dc3b0f35f8ddfa4f996fe52"
      url: "https://pub.dev"
    source: hosted
    version: "9.3.0"
  octo_image:
    dependency: transitive
    description:
      name: octo_image
      sha256: "34faa6639a78c7e3cbe79be6f9f96535867e879748ade7d17c9b1ae7536293bd"
      url: "https://pub.dev"
    source: hosted
    version: "2.1.0"
  path:
    dependency: transitive
    description:
      name: path
      sha256: "75cca69d1490965be98c73ceaea117e8a04dd21217b37b292c9ddbec0d955bc5"
      url: "https://pub.dev"
    source: hosted
    version: "1.9.1"
  path_provider:
    dependency: "direct main"
    description:
      name: path_provider
      sha256: "50c5dd5b6e1aaf6fb3a78b33f6aa3afca52bf903a8a5298f53101fdaee55bbcd"
      url: "https://pub.dev"
    source: hosted
    version: "2.1.5"
  path_provider_android:
    dependency: transitive
    description:
      name: path_provider_android
      sha256: "149441ca6e4f38193b2e004c0ca6376a3d11f51fa5a77552d8bd4d2b0c0912ba"
      url: "https://pub.dev"
    source: hosted
    version: "2.2.23"
  path_provider_foundation:
    dependency: transitive
    description:
      name: path_provider_foundation
      sha256: "2a376b7d6392d80cd3705782d2caa734ca4727776db0b6ec36ef3f1855197699"
      url: "https://pub.dev"
    source: hosted
    version: "2.6.0"
  path_provider_linux:
    dependency: transitive
    description:
      name: path_provider_linux
      sha256: f7a1fe3a634fe7734c8d3f2766ad746ae2a2884abe22e241a8b301bf5cac3279
      url: "https://pub.dev"
    source: hosted
    version: "2.2.1"
  path_provider_platform_interface:
    dependency: transitive
    description:
      name: path_provider_platform_interface
      sha256: "88f5779f72ba699763fa3a3b06aa4bf6de76c8e5de842cf6f29e2e06476c2334"
      url: "https://pub.dev"
    source: hosted
    version: "2.1.2"
  path_provider_windows:
    dependency: transitive
    description:
      name: path_provider_windows
      sha256: bd6f00dbd873bfb70d0761682da2b3a2c2fccc2b9e84c495821639601d81afe7
      url: "https://pub.dev"
    source: hosted
    version: "2.3.0"
  platform:
    dependency: transitive
    description:
      name: platform
      sha256: "5d6b1b0036a5f331ebc77c850ebc8506cbc1e9416c27e59b439f917a902a4984"
      url: "https://pub.dev"
    source: hosted
    version: "3.1.6"
  plugin_platform_interface:
    dependency: transitive
    description:
      name: plugin_platform_interface
      sha256: "4820fbfdb9478b1ebae27888254d445073732dae3d6ea81f0b7e06d5dedc3f02"
      url: "https://pub.dev"
    source: hosted
    version: "2.1.8"
  provider:
    dependency: "direct main"
    description:
      name: provider
      sha256: "4e82183fa20e5ca25703ead7e05de9e4cceed1fbd1eadc1ac3cb6f565a09f272"
      url: "https://pub.dev"
    source: hosted
    version: "6.1.5+1"
  pub_semver:
    dependency: transitive
    description:
      name: pub_semver
      sha256: "5bfcf68ca79ef689f8990d1160781b4bad40a3bd5e5218ad4076ddb7f4081585"
      url: "https://pub.dev"
    source: hosted
    version: "2.2.0"
  rxdart:
    dependency: transitive
    description:
      name: rxdart
      sha256: "5c3004a4a8dbb94bd4bf5412a4def4acdaa12e12f269737a5751369e12d1a962"
      url: "https://pub.dev"
    source: hosted
    version: "0.28.0"
  share_plus:
    dependency: "direct main"
    description:
      name: share_plus
      sha256: d7dc0630a923883c6328ca31b89aa682bacbf2f8304162d29f7c6aaff03a27a1
      url: "https://pub.dev"
    source: hosted
    version: "11.1.0"
  share_plus_platform_interface:
    dependency: transitive
    description:
      name: share_plus_platform_interface
      sha256: "88023e53a13429bd65d8e85e11a9b484f49d4c190abbd96c7932b74d6927cc9a"
      url: "https://pub.dev"
    source: hosted
    version: "6.1.0"
  shared_preferences:
    dependency: "direct main"
    description:
      name: shared_preferences
      sha256: c3025c5534b01739267eb7d76959bbc25a6d10f6988e1c2a3036940133dd10bf
      url: "https://pub.dev"
    source: hosted
    version: "2.5.5"
  shared_preferences_android:
    dependency: transitive
    description:
      name: shared_preferences_android
      sha256: e8d4762b1e2e8578fc4d0fd548cebf24afd24f49719c08974df92834565e2c53
      url: "https://pub.dev"
    source: hosted
    version: "2.4.23"
  shared_preferences_foundation:
    dependency: transitive
    description:
      name: shared_preferences_foundation
      sha256: "4e7eaffc2b17ba398759f1151415869a34771ba11ebbccd1b0145472a619a64f"
      url: "https://pub.dev"
    source: hosted
    version: "2.5.6"
  shared_preferences_linux:
    dependency: transitive
    description:
      name: shared_preferences_linux
      sha256: "580abfd40f415611503cae30adf626e6656dfb2f0cee8f465ece7b6defb40f2f"
      url: "https://pub.dev"
    source: hosted
    version: "2.4.1"
  shared_preferences_platform_interface:
    dependency: transitive
    description:
      name: shared_preferences_platform_interface
      sha256: "649dc798a33931919ea356c4305c2d1f81619ea6e92244070b520187b5140ef9"
      url: "https://pub.dev"
    source: hosted
    version: "2.4.2"
  shared_preferences_web:
    dependency: transitive
    description:
      name: shared_preferences_web
      sha256: c49bd060261c9a3f0ff445892695d6212ff603ef3115edbb448509d407600019
      url: "https://pub.dev"
    source: hosted
    version: "2.4.3"
  shared_preferences_windows:
    dependency: transitive
    description:
      name: shared_preferences_windows
      sha256: "94ef0f72b2d71bc3e700e025db3710911bd51a71cefb65cc609dd0d9a982e3c1"
      url: "https://pub.dev"
    source: hosted
    version: "2.4.1"
  shimmer:
    dependency: "direct main"
    description:
      name: shimmer
      sha256: "5f88c883a22e9f9f299e5ba0e4f7e6054857224976a5d9f839d4ebdc94a14ac9"
      url: "https://pub.dev"
    source: hosted
    version: "3.0.0"
  showcaseview:
    dependency: "direct main"
    description:
      name: showcaseview
      sha256: "3929adfcff53a8a9bc6b501914d67e4b7eae40451db7e654f76f34b0b30a185a"
      url: "https://pub.dev"
    source: hosted
    version: "2.1.1"
  sky_engine:
    dependency: transitive
    description: flutter
    source: sdk
    version: "0.0.0"
  sliver_tools:
    dependency: transitive
    description:
      name: sliver_tools
      sha256: eae28220badfb9d0559207badcbbc9ad5331aac829a88cb0964d330d2a4636a6
      url: "https://pub.dev"
    source: hosted
    version: "0.2.12"
  source_span:
    dependency: transitive
    description:
      name: source_span
      sha256: "56a02f1f4cd1a2d96303c0144c93bd6d909eea6bee6bf5a0e0b685edbd4c47ab"
      url: "https://pub.dev"
    source: hosted
    version: "1.10.2"
  sqflite:
    dependency: "direct main"
    description:
      name: sqflite
      sha256: e2297b1da52f127bc7a3da11439985d9b536f75070f3325e62ada69a5c585d03
      url: "https://pub.dev"
    source: hosted
    version: "2.4.2"
  sqflite_android:
    dependency: "direct overridden"
    description:
      name: sqflite_android
      sha256: "881e28efdcc9950fd8e9bb42713dcf1103e62a2e7168f23c9338d82db13dec40"
      url: "https://pub.dev"
    source: hosted
    version: "2.4.2+3"
  sqflite_common:
    dependency: transitive
    description:
      name: sqflite_common
      sha256: "6ef422a4525ecc601db6c0a2233ff448c731307906e92cabc9ba292afaae16a6"
      url: "https://pub.dev"
    source: hosted
    version: "2.5.6"
  sqflite_darwin:
    dependency: transitive
    description:
      name: sqflite_darwin
      sha256: "279832e5cde3fe99e8571879498c9211f3ca6391b0d818df4e17d9fff5c6ccb3"
      url: "https://pub.dev"
    source: hosted
    version: "2.4.2"
  sqflite_platform_interface:
    dependency: transitive
    description:
      name: sqflite_platform_interface
      sha256: "8dd4515c7bdcae0a785b0062859336de775e8c65db81ae33dd5445f35be61920"
      url: "https://pub.dev"
    source: hosted
    version: "2.4.0"
  stack_trace:
    dependency: transitive
    description:
      name: stack_trace
      sha256: "8b27215b45d22309b5cddda1aa2b19bdfec9df0e765f2de506401c071d38d1b1"
      url: "https://pub.dev"
    source: hosted
    version: "1.12.1"
  stream_channel:
    dependency: transitive
    description:
      name: stream_channel
      sha256: "969e04c80b8bcdf826f8f16579c7b14d780458bd97f56d107d3950fdbeef059d"
      url: "https://pub.dev"
    source: hosted
    version: "2.1.4"
  string_scanner:
    dependency: transitive
    description:
      name: string_scanner
      sha256: "921cd31725b72fe181906c6a94d987c78e3b98c2e205b397ea399d4054872b43"
      url: "https://pub.dev"
    source: hosted
    version: "1.4.1"
  synchronized:
    dependency: transitive
    description:
      name: synchronized
      sha256: c254ade258ec8282947a0acbbc90b9575b4f19673533ee46f2f6e9b3aeefd7c0
      url: "https://pub.dev"
    source: hosted
    version: "3.4.0"
  term_glyph:
    dependency: transitive
    description:
      name: term_glyph
      sha256: "7f554798625ea768a7518313e58f83891c7f5024f88e46e7182a4558850a4b8e"
      url: "https://pub.dev"
    source: hosted
    version: "1.2.2"
  test_api:
    dependency: transitive
    description:
      name: test_api
      sha256: "8161c84903fd860b26bfdefb7963b3f0b68fee7adea0f59ef805ecca346f0c7a"
      url: "https://pub.dev"
    source: hosted
    version: "0.7.10"
  typed_data:
    dependency: transitive
    description:
      name: typed_data
      sha256: f9049c039ebfeb4cf7a7104a675823cd72dba8297f264b6637062516699fa006
      url: "https://pub.dev"
    source: hosted
    version: "1.4.0"
  url_launcher:
    dependency: "direct main"
    description:
      name: url_launcher
      sha256: f6a7e5c4835bb4e3026a04793a4199ca2d14c739ec378fdfe23fc8075d0439f8
      url: "https://pub.dev"
    source: hosted
    version: "6.3.2"
  url_launcher_android:
    dependency: "direct overridden"
    description:
      name: url_launcher_android
      sha256: "3bb000251e55d4a209aa0e2e563309dc9bb2befea2295fd0cec1f51760aac572"
      url: "https://pub.dev"
    source: hosted
    version: "6.3.29"
  url_launcher_ios:
    dependency: transitive
    description:
      name: url_launcher_ios
      sha256: "580fe5dfb51671ae38191d316e027f6b76272b026370708c2d898799750a02b0"
      url: "https://pub.dev"
    source: hosted
    version: "6.4.1"
  url_launcher_linux:
    dependency: transitive
    description:
      name: url_launcher_linux
      sha256: d5e14138b3bc193a0f63c10a53c94b91d399df0512b1f29b94a043db7482384a
      url: "https://pub.dev"
    source: hosted
    version: "3.2.2"
  url_launcher_macos:
    dependency: transitive
    description:
      name: url_launcher_macos
      sha256: "368adf46f71ad3c21b8f06614adb38346f193f3a59ba8fe9a2fd74133070ba18"
      url: "https://pub.dev"
    source: hosted
    version: "3.2.5"
  url_launcher_platform_interface:
    dependency: transitive
    description:
      name: url_launcher_platform_interface
      sha256: "552f8a1e663569be95a8190206a38187b531910283c3e982193e4f2733f01029"
      url: "https://pub.dev"
    source: hosted
    version: "2.3.2"
  url_launcher_web:
    dependency: transitive
    description:
      name: url_launcher_web
      sha256: d0412fcf4c6b31ecfdb7762359b7206ffba3bbffd396c6d9f9c4616ece476c1f
      url: "https://pub.dev"
    source: hosted
    version: "2.4.2"
  url_launcher_windows:
    dependency: transitive
    description:
      name: url_launcher_windows
      sha256: "712c70ab1b99744ff066053cbe3e80c73332b38d46e5e945c98689b2e66fc15f"
      url: "https://pub.dev"
    source: hosted
    version: "3.1.5"
  uuid:
    dependency: transitive
    description:
      name: uuid
      sha256: "1fef9e8e11e2991bb773070d4656b7bd5d850967a2456cfc83cf47925ba79489"
      url: "https://pub.dev"
    source: hosted
    version: "4.5.3"
  vector_math:
    dependency: transitive
    description:
      name: vector_math
      sha256: d530bd74fea330e6e364cda7a85019c434070188383e1cd8d9777ee586914c5b
      url: "https://pub.dev"
    source: hosted
    version: "2.2.0"
  vm_service:
    dependency: transitive
    description:
      name: vm_service
      sha256: "45caa6c5917fa127b5dbcfbd1fa60b14e583afdc08bfc96dda38886ca252eb60"
      url: "https://pub.dev"
    source: hosted
    version: "15.0.2"
  web:
    dependency: transitive
    description:
      name: web
      sha256: "868d88a33d8a87b18ffc05f9f030ba328ffefba92d6c127917a2ba740f9cfe4a"
      url: "https://pub.dev"
    source: hosted
    version: "1.1.1"
  win32:
    dependency: "direct overridden"
    description:
      name: win32
      sha256: d7cb55e04cd34096cd3a79b3330245f54cb96a370a1c27adb3c84b917de8b08e
      url: "https://pub.dev"
    source: hosted
    version: "5.15.0"
  xdg_directories:
    dependency: transitive
    description:
      name: xdg_directories
      sha256: "7a3f37b05d989967cdddcbb571f1ea834867ae2faa29725fd085180e0883aa15"
      url: "https://pub.dev"
    source: hosted
    version: "1.1.0"
  yaml:
    dependency: transitive
    description:
      name: yaml
      sha256: b9da305ac7c39faa3f030eccd175340f968459dae4af175130b3fc47e40d76ce
      url: "https://pub.dev"
    source: hosted
    version: "3.1.3"
sdks:
  dart: ">=3.10.3 <4.0.0"
  flutter: ">=3.38.4"
